
Microsoft Visual Studio Solution File, Format Version 12.00
# Visual Studio Version 16
VisualStudioVersion = 16.0.31129.286
MinimumVisualStudioVersion = 10.0.40219.1
Project("{FAE04EC0-301F-11D3-BF4B-00C04F79EFBC}") = "ConsoleApp9", "ConsoleApp9\ConsoleApp9.csproj", "{B1D5A252-E267-4890-BC0F-43E49ED2B210}"
EndProject
Global
	GlobalSection(SolutionConfigurationPlatforms) = preSolution
		Debug|Any CPU = Debug|Any CPU
		Release|Any CPU = Release|Any CPU
	EndGlobalSection
	GlobalSection(ProjectConfigurationPlatforms) = postSolution
		{B1D5A252-E267-4890-BC0F-43E49ED2B210}.Debug|Any CPU.ActiveCfg = Debug|Any CPU
		{B1D5A252-E267-4890-BC0F-43E49ED2B210}.Debug|Any CPU.Build.0 = Debug|Any CPU
		{B1D5A252-E267-4890-BC0F-43E49ED2B210}.Release|Any CPU.ActiveCfg = Release|Any CPU
		{B1D5A252-E267-4890-BC0F-43E49ED2B210}.Release|Any CPU.Build.0 = Release|Any CPU
	EndGlobalSection
	GlobalSection(SolutionProperties) = preSolution
		HideSolutionNode = FALSE
	EndGlobalSection
	GlobalSection(ExtensibilityGlobals) = postSolution
		SolutionGuid = {FFE1A2C3-F970-4CB6-BD0E-CD4E401E4700}
	EndGlobalSection
EndGlobal
